
Microsoft Visual Studio Solution File, Format Version 12.00
# 
Project("{FAE04EC0-301F-11D3-BF4B-00C04F79EFBC}") = "Accounting.Web", "Accounting.Web\Accounting.Web.csproj", "{D657EEA2-4360-430B-809F-C3959D6E29AF}"
EndProject
Project("{FAE04EC0-301F-11D3-BF4B-00C04F79EFBC}") = "Accounting.Core", "Accounting.Core\Accounting.Core.csproj", "{E1E68505-F830-426D-8CBA-9B28D30C8C63}"
EndProject
Project("{FAE04EC0-301F-11D3-BF4B-00C04F79EFBC}") = "Accounting.Infrastructure", "Accounting.Infrastructure\Accounting.Infrastructure.csproj", "{BF9E76A8-FF53-41C5-8603-034C4C9BF2BC}"
EndProject
Global
	GlobalSection(SolutionConfigurationPlatforms) = preSolution
		Debug|Any CPU = Debug|Any CPU
		Debug|x64 = Debug|x64
		Debug|x86 = Debug|x86
		Release|Any CPU = Release|Any CPU
		Release|x64 = Release|x64
		Release|x86 = Release|x86
	EndGlobalSection
	GlobalSection(ProjectConfigurationPlatforms) = postSolution
		{D657EEA2-4360-430B-809F-C3959D6E29AF}.Debug|Any CPU.ActiveCfg = Debug|Any CPU
		{D657EEA2-4360-430B-809F-C3959D6E29AF}.Debug|Any CPU.Build.0 = Debug|Any CPU
		{D657EEA2-4360-430B-809F-C3959D6E29AF}.Debug|x64.ActiveCfg = Debug|Any CPU
		{D657EEA2-4360-430B-809F-C3959D6E29AF}.Debug|x64.Build.0 = Debug|Any CPU
		{D657EEA2-4360-430B-809F-C3959D6E29AF}.Debug|x86.ActiveCfg = Debug|Any CPU
		{D657EEA2-4360-430B-809F-C3959D6E29AF}.Debug|x86.Build.0 = Debug|Any CPU
		{D657EEA2-4360-430B-809F-C3959D6E29AF}.Release|Any CPU.ActiveCfg = Release|Any CPU
		{D657EEA2-4360-430B-809F-C3959D6E29AF}.Release|Any CPU.Build.0 = Release|Any CPU
		{D657EEA2-4360-430B-809F-C3959D6E29AF}.Release|x64.ActiveCfg = Release|Any CPU
		{D657EEA2-4360-430B-809F-C3959D6E29AF}.Release|x64.Build.0 = Release|Any CPU
		{D657EEA2-4360-430B-809F-C3959D6E29AF}.Release|x86.ActiveCfg = Release|Any CPU
		{D657EEA2-4360-430B-809F-C3959D6E29AF}.Release|x86.Build.0 = Release|Any CPU
		{E1E68505-F830-426D-8CBA-9B28D30C8C63}.Debug|Any CPU.ActiveCfg = Debug|Any CPU
		{E1E68505-F830-426D-8CBA-9B28D30C8C63}.Debug|Any CPU.Build.0 = Debug|Any CPU
		{E1E68505-F830-426D-8CBA-9B28D30C8C63}.Debug|x64.ActiveCfg = Debug|Any CPU
		{E1E68505-F830-426D-8CBA-9B28D30C8C63}.Debug|x64.Build.0 = Debug|Any CPU
		{E1E68505-F830-426D-8CBA-9B28D30C8C63}.Debug|x86.ActiveCfg = Debug|Any CPU
		{E1E68505-F830-426D-8CBA-9B28D30C8C63}.Debug|x86.Build.0 = Debug|Any CPU
		{E1E68505-F830-426D-8CBA-9B28D30C8C63}.Release|Any CPU.ActiveCfg = Release|Any CPU
		{E1E68505-F830-426D-8CBA-9B28D30C8C63}.Release|Any CPU.Build.0 = Release|Any CPU
		{E1E68505-F830-426D-8CBA-9B28D30C8C63}.Release|x64.ActiveCfg = Release|Any CPU
		{E1E68505-F830-426D-8CBA-9B28D30C8C63}.Release|x64.Build.0 = Release|Any CPU
		{E1E68505-F830-426D-8CBA-9B28D30C8C63}.Release|x86.ActiveCfg = Release|Any CPU
		{E1E68505-F830-426D-8CBA-9B28D30C8C63}.Release|x86.Build.0 = Release|Any CPU
		{BF9E76A8-FF53-41C5-8603-034C4C9BF2BC}.Debug|Any CPU.ActiveCfg = Debug|Any CPU
		{BF9E76A8-FF53-41C5-8603-034C4C9BF2BC}.Debug|Any CPU.Build.0 = Debug|Any CPU
		{BF9E76A8-FF53-41C5-8603-034C4C9BF2BC}.Debug|x64.ActiveCfg = Debug|Any CPU
		{BF9E76A8-FF53-41C5-8603-034C4C9BF2BC}.Debug|x64.Build.0 = Debug|Any CPU
		{BF9E76A8-FF53-41C5-8603-034C4C9BF2BC}.Debug|x86.ActiveCfg = Debug|Any CPU
		{BF9E76A8-FF53-41C5-8603-034C4C9BF2BC}.Debug|x86.Build.0 = Debug|Any CPU
		{BF9E76A8-FF53-41C5-8603-034C4C9BF2BC}.Release|Any CPU.ActiveCfg = Release|Any CPU
		{BF9E76A8-FF53-41C5-8603-034C4C9BF2BC}.Release|Any CPU.Build.0 = Release|Any CPU
		{BF9E76A8-FF53-41C5-8603-034C4C9BF2BC}.Release|x64.ActiveCfg = Release|Any CPU
		{BF9E76A8-FF53-41C5-8603-034C4C9BF2BC}.Release|x64.Build.0 = Release|Any CPU
		{BF9E76A8-FF53-41C5-8603-034C4C9BF2BC}.Release|x86.ActiveCfg = Release|Any CPU
		{BF9E76A8-FF53-41C5-8603-034C4C9BF2BC}.Release|x86.Build.0 = Release|Any CPU
	EndGlobalSection
EndGlobal
